{
  "nodes": {
    "nixCats": {
      "locked": {
        "lastModified": 1740730062,
        "narHash": "sha256-tqIpClZGNV/CgY+V9fVOdWwpc2eeEj2rcisCwD0MUzw=",
        "owner": "BirdeeHub",
        "repo": "nixCats-nvim",
        "rev": "4f193d7298ff1184d2f28a98acb1ce7a2a6bc3f7",
        "type": "github"
      },
      "original": {
        "owner": "BirdeeHub",
        "repo": "nixCats-nvim",
        "type": "github"
      }
    },
    "nixpkgs": {
      "locked": {
        "lastModified": 1740547748,
        "narHash": "sha256-Ly2fBL1LscV+KyCqPRufUBuiw+zmWrlJzpWOWbahplg=",
        "owner": "nixos",
        "repo": "nixpkgs",
        "rev": "3a05eebede89661660945da1f151959900903b6a",
        "type": "github"
      },
      "original": {
        "owner": "nixos",
        "ref": "nixpkgs-unstable",
        "repo": "nixpkgs",
        "type": "github"
      }
    },
    "root": {
      "inputs": {
        "nixCats": "nixCats",
        "nixpkgs": "nixpkgs"
      }
    }
  },
  "root": "root",
  "version": 7
}
